
Microsoft Visual Studio Solution File, Format Version 12.00
# Visual Studio Version 17
VisualStudioVersion = 17.0.31903.59
MinimumVisualStudioVersion = 10.0.40219.1
Project("{FAE04EC0-301F-11D3-BF4B-00C04F79EFBC}") = "AsyncEnumerableApp", "AsyncEnumerableApp\AsyncEnumerableApp.csproj", "{6FC8ECFE-64C5-400D-AB68-FCE4E70B8E10}"
EndProject
Project("{FAE04EC0-301F-11D3-BF4B-00C04F79EFBC}") = "AsyncEnumerableApp2", "AsyncEnumerableApp2\AsyncEnumerableApp2.csproj", "{4EE612AA-53B4-4CDC-B7BB-4615C8505B43}"
EndProject
Project("{FAE04EC0-301F-11D3-BF4B-00C04F79EFBC}") = "CSharpLang010", "CSharpLang010\CSharpLang010.csproj", "{E384E359-7C04-4EFC-812A-1054AD785B01}"
EndProject
Project("{FAE04EC0-301F-11D3-BF4B-00C04F79EFBC}") = "CSharpLang020", "CSharpLang020\CSharpLang020.csproj", "{D48AE885-549B-45B6-8C8A-877069667ED5}"
EndProject
Project("{FAE04EC0-301F-11D3-BF4B-00C04F79EFBC}") = "CSharpLang030", "CSharpLang030\CSharpLang030.csproj", "{87BE2FE8-B874-4ED5-9BCE-F814209C386B}"
EndProject
Project("{FAE04EC0-301F-11D3-BF4B-00C04F79EFBC}") = "CSharpLang040", "CSharpLang040\CSharpLang040.csproj", "{3BE0B997-7E2A-4168-9D9D-612BB861C751}"
EndProject
Project("{FAE04EC0-301F-11D3-BF4B-00C04F79EFBC}") = "CSharpLang050", "CSharpLang050\CSharpLang050.csproj", "{99AE5910-C9F3-4F37-A1CB-9FC0AFF2E687}"
EndProject
Project("{FAE04EC0-301F-11D3-BF4B-00C04F79EFBC}") = "CSharpLang060", "CSharpLang060\CSharpLang060.csproj", "{02145558-61CE-4265-8AD9-3839CD06C05E}"
EndProject
Project("{FAE04EC0-301F-11D3-BF4B-00C04F79EFBC}") = "CSharpLang070", "CSharpLang070\CSharpLang070.csproj", "{DF331D56-0528-4D9E-A1FD-206DBF044379}"
EndProject
Project("{FAE04EC0-301F-11D3-BF4B-00C04F79EFBC}") = "CSharpLang071", "CSharpLang071\CSharpLang071.csproj", "{1C95A33F-41F6-415A-947F-1EC7BDD12047}"
EndProject
Project("{FAE04EC0-301F-11D3-BF4B-00C04F79EFBC}") = "CSharpLang072", "CSharpLang072\CSharpLang072.csproj", "{785DA7D6-1EFB-4EF2-9DE9-7B5ED5263D98}"
EndProject
Project("{FAE04EC0-301F-11D3-BF4B-00C04F79EFBC}") = "CSharpLang073", "CSharpLang073\CSharpLang073.csproj", "{60819B73-A397-4EEE-A8EE-EE23199DAC87}"
EndProject
Project("{FAE04EC0-301F-11D3-BF4B-00C04F79EFBC}") = "CSharpLang080", "CSharpLang080\CSharpLang080.csproj", "{C08AC128-7B30-4C0B-99DD-A7756DB3ED4A}"
EndProject
Project("{FAE04EC0-301F-11D3-BF4B-00C04F79EFBC}") = "CSharpLang090", "CSharpLang090\CSharpLang090.csproj", "{A98C0C6B-139E-43E0-AD3D-9D7D163B226C}"
EndProject
Project("{FAE04EC0-301F-11D3-BF4B-00C04F79EFBC}") = "CSharpLang090_TopLevelStatements", "CSharpLang090_TopLevelStatements\CSharpLang090_TopLevelStatements.csproj", "{07A031A8-6098-4D43-89EC-7416E91A0FC8}"
EndProject
Project("{FAE04EC0-301F-11D3-BF4B-00C04F79EFBC}") = "CSharpLang100", "CSharpLang100\CSharpLang100.csproj", "{7AB9EF53-5BC8-40A5-8595-6A0F035D4692}"
EndProject
Project("{FAE04EC0-301F-11D3-BF4B-00C04F79EFBC}") = "TupleAssembly", "TupleAssembly\TupleAssembly.csproj", "{ECEAB1DE-0BB1-48B4-B2E9-45E90E825BB4}"
EndProject
Project("{FAE04EC0-301F-11D3-BF4B-00C04F79EFBC}") = "CSharpLang110", "CSharpLang110\CSharpLang110.csproj", "{FE047A15-C261-4293-8A01-4EB028319C31}"
EndProject
Project("{FAE04EC0-301F-11D3-BF4B-00C04F79EFBC}") = "CSharpLang120", "CSharpLang120\CSharpLang120.csproj", "{C970DC2C-923C-4165-B1B7-E6D8D41CC5E8}"
EndProject
Project("{FAE04EC0-301F-11D3-BF4B-00C04F79EFBC}") = "CSharpLang130", "CSharpLang130\CSharpLang130.csproj", "{BB4411DC-89CE-483F-9ADF-EA7282F53797}"
EndProject
Global
	GlobalSection(SolutionConfigurationPlatforms) = preSolution
		Debug|Any CPU = Debug|Any CPU
		Release|Any CPU = Release|Any CPU
	EndGlobalSection
	GlobalSection(ProjectConfigurationPlatforms) = postSolution
		{6FC8ECFE-64C5-400D-AB68-FCE4E70B8E10}.Debug|Any CPU.ActiveCfg = Debug|Any CPU
		{6FC8ECFE-64C5-400D-AB68-FCE4E70B8E10}.Debug|Any CPU.Build.0 = Debug|Any CPU
		{6FC8ECFE-64C5-400D-AB68-FCE4E70B8E10}.Release|Any CPU.ActiveCfg = Release|Any CPU
		{6FC8ECFE-64C5-400D-AB68-FCE4E70B8E10}.Release|Any CPU.Build.0 = Release|Any CPU
		{4EE612AA-53B4-4CDC-B7BB-4615C8505B43}.Debug|Any CPU.ActiveCfg = Debug|Any CPU
		{4EE612AA-53B4-4CDC-B7BB-4615C8505B43}.Debug|Any CPU.Build.0 = Debug|Any CPU
		{4EE612AA-53B4-4CDC-B7BB-4615C8505B43}.Release|Any CPU.ActiveCfg = Release|Any CPU
		{4EE612AA-53B4-4CDC-B7BB-4615C8505B43}.Release|Any CPU.Build.0 = Release|Any CPU
		{E384E359-7C04-4EFC-812A-1054AD785B01}.Debug|Any CPU.ActiveCfg = Debug|Any CPU
		{E384E359-7C04-4EFC-812A-1054AD785B01}.Debug|Any CPU.Build.0 = Debug|Any CPU
		{E384E359-7C04-4EFC-812A-1054AD785B01}.Release|Any CPU.ActiveCfg = Release|Any CPU
		{E384E359-7C04-4EFC-812A-1054AD785B01}.Release|Any CPU.Build.0 = Release|Any CPU
		{D48AE885-549B-45B6-8C8A-877069667ED5}.Debug|Any CPU.ActiveCfg = Debug|Any CPU
		{D48AE885-549B-45B6-8C8A-877069667ED5}.Debug|Any CPU.Build.0 = Debug|Any CPU
		{D48AE885-549B-45B6-8C8A-877069667ED5}.Release|Any CPU.ActiveCfg = Release|Any CPU
		{D48AE885-549B-45B6-8C8A-877069667ED5}.Release|Any CPU.Build.0 = Release|Any CPU
		{87BE2FE8-B874-4ED5-9BCE-F814209C386B}.Debug|Any CPU.ActiveCfg = Debug|Any CPU
		{87BE2FE8-B874-4ED5-9BCE-F814209C386B}.Debug|Any CPU.Build.0 = Debug|Any CPU
		{87BE2FE8-B874-4ED5-9BCE-F814209C386B}.Release|Any CPU.ActiveCfg = Release|Any CPU
		{87BE2FE8-B874-4ED5-9BCE-F814209C386B}.Release|Any CPU.Build.0 = Release|Any CPU
		{3BE0B997-7E2A-4168-9D9D-612BB861C751}.Debug|Any CPU.ActiveCfg = Debug|Any CPU
		{3BE0B997-7E2A-4168-9D9D-612BB861C751}.Debug|Any CPU.Build.0 = Debug|Any CPU
		{3BE0B997-7E2A-4168-9D9D-612BB861C751}.Release|Any CPU.ActiveCfg = Release|Any CPU
		{3BE0B997-7E2A-4168-9D9D-612BB861C751}.Release|Any CPU.Build.0 = Release|Any CPU
		{99AE5910-C9F3-4F37-A1CB-9FC0AFF2E687}.Debug|Any CPU.ActiveCfg = Debug|Any CPU
		{99AE5910-C9F3-4F37-A1CB-9FC0AFF2E687}.Debug|Any CPU.Build.0 = Debug|Any CPU
		{99AE5910-C9F3-4F37-A1CB-9FC0AFF2E687}.Release|Any CPU.ActiveCfg = Release|Any CPU
		{99AE5910-C9F3-4F37-A1CB-9FC0AFF2E687}.Release|Any CPU.Build.0 = Release|Any CPU
		{02145558-61CE-4265-8AD9-3839CD06C05E}.Debug|Any CPU.ActiveCfg = Debug|Any CPU
		{02145558-61CE-4265-8AD9-3839CD06C05E}.Debug|Any CPU.Build.0 = Debug|Any CPU
		{02145558-61CE-4265-8AD9-3839CD06C05E}.Release|Any CPU.ActiveCfg = Release|Any CPU
		{02145558-61CE-4265-8AD9-3839CD06C05E}.Release|Any CPU.Build.0 = Release|Any CPU
		{DF331D56-0528-4D9E-A1FD-206DBF044379}.Debug|Any CPU.ActiveCfg = Debug|Any CPU
		{DF331D56-0528-4D9E-A1FD-206DBF044379}.Debug|Any CPU.Build.0 = Debug|Any CPU
		{DF331D56-0528-4D9E-A1FD-206DBF044379}.Release|Any CPU.ActiveCfg = Release|Any CPU
		{DF331D56-0528-4D9E-A1FD-206DBF044379}.Release|Any CPU.Build.0 = Release|Any CPU
		{1C95A33F-41F6-415A-947F-1EC7BDD12047}.Debug|Any CPU.ActiveCfg = Debug|Any CPU
		{1C95A33F-41F6-415A-947F-1EC7BDD12047}.Debug|Any CPU.Build.0 = Debug|Any CPU
		{1C95A33F-41F6-415A-947F-1EC7BDD12047}.Release|Any CPU.ActiveCfg = Release|Any CPU
		{1C95A33F-41F6-415A-947F-1EC7BDD12047}.Release|Any CPU.Build.0 = Release|Any CPU
		{785DA7D6-1EFB-4EF2-9DE9-7B5ED5263D98}.Debug|Any CPU.ActiveCfg = Debug|Any CPU
		{785DA7D6-1EFB-4EF2-9DE9-7B5ED5263D98}.Debug|Any CPU.Build.0 = Debug|Any CPU
		{785DA7D6-1EFB-4EF2-9DE9-7B5ED5263D98}.Release|Any CPU.ActiveCfg = Release|Any CPU
		{785DA7D6-1EFB-4EF2-9DE9-7B5ED5263D98}.Release|Any CPU.Build.0 = Release|Any CPU
		{60819B73-A397-4EEE-A8EE-EE23199DAC87}.Debug|Any CPU.ActiveCfg = Debug|Any CPU
		{60819B73-A397-4EEE-A8EE-EE23199DAC87}.Debug|Any CPU.Build.0 = Debug|Any CPU
		{60819B73-A397-4EEE-A8EE-EE23199DAC87}.Release|Any CPU.ActiveCfg = Release|Any CPU
		{60819B73-A397-4EEE-A8EE-EE23199DAC87}.Release|Any CPU.Build.0 = Release|Any CPU
		{C08AC128-7B30-4C0B-99DD-A7756DB3ED4A}.Debug|Any CPU.ActiveCfg = Debug|Any CPU
		{C08AC128-7B30-4C0B-99DD-A7756DB3ED4A}.Debug|Any CPU.Build.0 = Debug|Any CPU
		{C08AC128-7B30-4C0B-99DD-A7756DB3ED4A}.Release|Any CPU.ActiveCfg = Release|Any CPU
		{C08AC128-7B30-4C0B-99DD-A7756DB3ED4A}.Release|Any CPU.Build.0 = Release|Any CPU
		{A98C0C6B-139E-43E0-AD3D-9D7D163B226C}.Debug|Any CPU.ActiveCfg = Debug|Any CPU
		{A98C0C6B-139E-43E0-AD3D-9D7D163B226C}.Debug|Any CPU.Build.0 = Debug|Any CPU
		{A98C0C6B-139E-43E0-AD3D-9D7D163B226C}.Release|Any CPU.ActiveCfg = Release|Any CPU
		{A98C0C6B-139E-43E0-AD3D-9D7D163B226C}.Release|Any CPU.Build.0 = Release|Any CPU
		{07A031A8-6098-4D43-89EC-7416E91A0FC8}.Debug|Any CPU.ActiveCfg = Debug|Any CPU
		{07A031A8-6098-4D43-89EC-7416E91A0FC8}.Debug|Any CPU.Build.0 = Debug|Any CPU
		{07A031A8-6098-4D43-89EC-7416E91A0FC8}.Release|Any CPU.ActiveCfg = Release|Any CPU
		{07A031A8-6098-4D43-89EC-7416E91A0FC8}.Release|Any CPU.Build.0 = Release|Any CPU
		{7AB9EF53-5BC8-40A5-8595-6A0F035D4692}.Debug|Any CPU.ActiveCfg = Debug|Any CPU
		{7AB9EF53-5BC8-40A5-8595-6A0F035D4692}.Debug|Any CPU.Build.0 = Debug|Any CPU
		{7AB9EF53-5BC8-40A5-8595-6A0F035D4692}.Release|Any CPU.ActiveCfg = Release|Any CPU
		{7AB9EF53-5BC8-40A5-8595-6A0F035D4692}.Release|Any CPU.Build.0 = Release|Any CPU
		{ECEAB1DE-0BB1-48B4-B2E9-45E90E825BB4}.Debug|Any CPU.ActiveCfg = Debug|Any CPU
		{ECEAB1DE-0BB1-48B4-B2E9-45E90E825BB4}.Debug|Any CPU.Build.0 = Debug|Any CPU
		{ECEAB1DE-0BB1-48B4-B2E9-45E90E825BB4}.Release|Any CPU.ActiveCfg = Release|Any CPU
		{ECEAB1DE-0BB1-48B4-B2E9-45E90E825BB4}.Release|Any CPU.Build.0 = Release|Any CPU
		{FE047A15-C261-4293-8A01-4EB028319C31}.Debug|Any CPU.ActiveCfg = Debug|Any CPU
		{FE047A15-C261-4293-8A01-4EB028319C31}.Debug|Any CPU.Build.0 = Debug|Any CPU
		{FE047A15-C261-4293-8A01-4EB028319C31}.Release|Any CPU.ActiveCfg = Release|Any CPU
		{FE047A15-C261-4293-8A01-4EB028319C31}.Release|Any CPU.Build.0 = Release|Any CPU
		{C970DC2C-923C-4165-B1B7-E6D8D41CC5E8}.Debug|Any CPU.ActiveCfg = Debug|Any CPU
		{C970DC2C-923C-4165-B1B7-E6D8D41CC5E8}.Debug|Any CPU.Build.0 = Debug|Any CPU
		{C970DC2C-923C-4165-B1B7-E6D8D41CC5E8}.Release|Any CPU.ActiveCfg = Release|Any CPU
		{C970DC2C-923C-4165-B1B7-E6D8D41CC5E8}.Release|Any CPU.Build.0 = Release|Any CPU
		{BB4411DC-89CE-483F-9ADF-EA7282F53797}.Debug|Any CPU.ActiveCfg = Debug|Any CPU
		{BB4411DC-89CE-483F-9ADF-EA7282F53797}.Debug|Any CPU.Build.0 = Debug|Any CPU
		{BB4411DC-89CE-483F-9ADF-EA7282F53797}.Release|Any CPU.ActiveCfg = Release|Any CPU
		{BB4411DC-89CE-483F-9ADF-EA7282F53797}.Release|Any CPU.Build.0 = Release|Any CPU
	EndGlobalSection
	GlobalSection(SolutionProperties) = preSolution
		HideSolutionNode = FALSE
	EndGlobalSection
EndGlobal
