
Microsoft Visual Studio Solution File, Format Version 12.00
# Visual Studio 15
VisualStudioVersion = 15.0.27130.2010
MinimumVisualStudioVersion = 10.0.40219.1
Project("{FAE04EC0-301F-11D3-BF4B-00C04F79EFBC}") = "CSharpLang", "CSharpLang\CSharpLang.csproj", "{683BA4E7-1434-40ED-8107-076DA63D03F6}"
EndProject
Project("{FAE04EC0-301F-11D3-BF4B-00C04F79EFBC}") = "TupleAssembly", "TupleAssembly\TupleAssembly.csproj", "{C24A25C8-E60A-4AD8-B912-ECA25D37D8EA}"
EndProject
Project("{9A19103F-16F7-4668-BE54-9A1E7A4F7556}") = "CSharpLang71", "CSharpLang71\CSharpLang71.csproj", "{6D390A0B-D2C2-473D-85A4-E972F4EE92B2}"
EndProject
Project("{9A19103F-16F7-4668-BE54-9A1E7A4F7556}") = "CSharpLang72", "CSharpLang72\CSharpLang72.csproj", "{334197AD-2FB9-4F37-A08D-A9D5E1EB32FF}"
EndProject
Project("{9A19103F-16F7-4668-BE54-9A1E7A4F7556}") = "CSharpLang70", "CSharpLang70\CSharpLang70.csproj", "{2ED66FD7-4042-4A64-B006-FD153D5A1E6B}"
EndProject
Project("{FAE04EC0-301F-11D3-BF4B-00C04F79EFBC}") = "CSharpLang60", "CSharpLang60\CSharpLang60.csproj", "{2F10DD67-CA43-4C29-AD55-BE6F6FB2A1CA}"
EndProject
Global
	GlobalSection(SolutionConfigurationPlatforms) = preSolution
		Debug|Any CPU = Debug|Any CPU
		Release|Any CPU = Release|Any CPU
	EndGlobalSection
	GlobalSection(ProjectConfigurationPlatforms) = postSolution
		{683BA4E7-1434-40ED-8107-076DA63D03F6}.Debug|Any CPU.ActiveCfg = Debug|Any CPU
		{683BA4E7-1434-40ED-8107-076DA63D03F6}.Debug|Any CPU.Build.0 = Debug|Any CPU
		{683BA4E7-1434-40ED-8107-076DA63D03F6}.Release|Any CPU.ActiveCfg = Release|Any CPU
		{683BA4E7-1434-40ED-8107-076DA63D03F6}.Release|Any CPU.Build.0 = Release|Any CPU
		{C24A25C8-E60A-4AD8-B912-ECA25D37D8EA}.Debug|Any CPU.ActiveCfg = Debug|Any CPU
		{C24A25C8-E60A-4AD8-B912-ECA25D37D8EA}.Debug|Any CPU.Build.0 = Debug|Any CPU
		{C24A25C8-E60A-4AD8-B912-ECA25D37D8EA}.Release|Any CPU.ActiveCfg = Release|Any CPU
		{C24A25C8-E60A-4AD8-B912-ECA25D37D8EA}.Release|Any CPU.Build.0 = Release|Any CPU
		{6D390A0B-D2C2-473D-85A4-E972F4EE92B2}.Debug|Any CPU.ActiveCfg = Debug|Any CPU
		{6D390A0B-D2C2-473D-85A4-E972F4EE92B2}.Debug|Any CPU.Build.0 = Debug|Any CPU
		{6D390A0B-D2C2-473D-85A4-E972F4EE92B2}.Release|Any CPU.ActiveCfg = Release|Any CPU
		{6D390A0B-D2C2-473D-85A4-E972F4EE92B2}.Release|Any CPU.Build.0 = Release|Any CPU
		{334197AD-2FB9-4F37-A08D-A9D5E1EB32FF}.Debug|Any CPU.ActiveCfg = Debug|Any CPU
		{334197AD-2FB9-4F37-A08D-A9D5E1EB32FF}.Debug|Any CPU.Build.0 = Debug|Any CPU
		{334197AD-2FB9-4F37-A08D-A9D5E1EB32FF}.Release|Any CPU.ActiveCfg = Release|Any CPU
		{334197AD-2FB9-4F37-A08D-A9D5E1EB32FF}.Release|Any CPU.Build.0 = Release|Any CPU
		{2ED66FD7-4042-4A64-B006-FD153D5A1E6B}.Debug|Any CPU.ActiveCfg = Debug|Any CPU
		{2ED66FD7-4042-4A64-B006-FD153D5A1E6B}.Debug|Any CPU.Build.0 = Debug|Any CPU
		{2ED66FD7-4042-4A64-B006-FD153D5A1E6B}.Release|Any CPU.ActiveCfg = Release|Any CPU
		{2ED66FD7-4042-4A64-B006-FD153D5A1E6B}.Release|Any CPU.Build.0 = Release|Any CPU
		{2F10DD67-CA43-4C29-AD55-BE6F6FB2A1CA}.Debug|Any CPU.ActiveCfg = Debug|Any CPU
		{2F10DD67-CA43-4C29-AD55-BE6F6FB2A1CA}.Debug|Any CPU.Build.0 = Debug|Any CPU
		{2F10DD67-CA43-4C29-AD55-BE6F6FB2A1CA}.Release|Any CPU.ActiveCfg = Release|Any CPU
		{2F10DD67-CA43-4C29-AD55-BE6F6FB2A1CA}.Release|Any CPU.Build.0 = Release|Any CPU
	EndGlobalSection
	GlobalSection(SolutionProperties) = preSolution
		HideSolutionNode = FALSE
	EndGlobalSection
	GlobalSection(ExtensibilityGlobals) = postSolution
		SolutionGuid = {43F711CD-DA46-4483-A974-85435DDEA856}
	EndGlobalSection
EndGlobal
